schema: '2.0'
stages:
  preprocess:
    cmd: python src/data/preprocessing.py
    deps:
    - path: data/raw/Dev_data_to_be_shared.csv
      hash: md5
      md5: 78f85ac95550c75bf18b92c88d3f768d
      size: 44746685
    - path: data/raw/validation_data_to_be_shared.csv
      hash: md5
      md5: 32dd67aed1066aded5af370abe2f6a02
      size: 22379342
    - path: params.yaml
      hash: md5
      md5: b45700d2cbe97c38c5bfa9916c306304
      size: 3031
    - path: src/data/preprocessing.py
      hash: md5
      md5: d683616c5aa51111aa4dde3ed71d1c2d
      size: 8174
    outs:
    - path: data/interim/train_data_cleaned.csv
      hash: md5
      md5: 477ea440e46c0784cf3b5d727f3dc8d6
      size: 50944665
    - path: data/interim/validation_data_cleaned.csv
      hash: md5
      md5: e8df25781fc092f0c5a27c7c59c91a75
      size: 26531790
  feature_engineering:
    cmd: python src/features/feature_engineering.py
    deps:
    - path: data/interim/train_data_cleaned.csv
      hash: md5
      md5: 477ea440e46c0784cf3b5d727f3dc8d6
      size: 50944665
    - path: data/interim/validation_data_cleaned.csv
      hash: md5
      md5: e8df25781fc092f0c5a27c7c59c91a75
      size: 26531790
    - path: params.yaml
      hash: md5
      md5: b45700d2cbe97c38c5bfa9916c306304
      size: 3031
    - path: src/features/feature_engineering.py
      hash: md5
      md5: 3aca698f96230b3186554eb77554e1ea
      size: 6426
    outs:
    - path: data/processed/train_data_processed.csv
      hash: md5
      md5: fc4d63dcf4efb41bcbafaf3d9ecac1c9
      size: 16461953
    - path: data/processed/validation_data_processed.csv
      hash: md5
      md5: b6a80ef92d00f99e8a7d2b47f7f81cff
      size: 8669593
  model_training:
    cmd: python src/models/train_model.py
    deps:
    - path: data/processed/train_data_processed.csv
      hash: md5
      md5: fc4d63dcf4efb41bcbafaf3d9ecac1c9
      size: 16461953
    - path: data/processed/validation_data_processed.csv
      hash: md5
      md5: b6a80ef92d00f99e8a7d2b47f7f81cff
      size: 8669593
    - path: params.yaml
      hash: md5
      md5: b45700d2cbe97c38c5bfa9916c306304
      size: 3031
    - path: src/models/train_model.py
      hash: md5
      md5: 53924924bc67a02a20ec22e471fe9fa4
      size: 8296
    outs:
    - path: models/model.pkl
      hash: md5
      md5: e22ecf9e7350e7d880a4cdee3a83ab3c
      size: 255423
