schema: '2.0'
stages:
  preprocess:
    cmd: python src/data/preprocessing.py
    deps:
    - path: data/raw/Dev_data_to_be_shared.csv
      hash: md5
      md5: 78f85ac95550c75bf18b92c88d3f768d
      size: 44746685
    - path: data/raw/validation_data_to_be_shared.csv
      hash: md5
      md5: 32dd67aed1066aded5af370abe2f6a02
      size: 22379342
    - path: params.yaml
      hash: md5
      md5: 3246b86af8439b675f4dfb6f208794ac
      size: 3132
    - path: src/data/preprocessing.py
      hash: md5
      md5: 755d832b7861726b1e710bfd4d9ad77f
      size: 8024
    outs:
    - path: data/interim/train_data_cleaned.csv
      hash: md5
      md5: 66daf6cd13f78b0d77c5ef85baea30a5
      size: 36290247
    - path: data/interim/validation_data_cleaned.csv
      hash: md5
      md5: 3d3d1dff9c6c0b5999c7a74c22c1c6eb
      size: 35769899
  feature_engineering:
    cmd: python src/features/feature_engineering.py
    deps:
    - path: data/interim/train_data_cleaned.csv
      hash: md5
      md5: 66daf6cd13f78b0d77c5ef85baea30a5
      size: 36290247
    - path: data/interim/validation_data_cleaned.csv
      hash: md5
      md5: 3d3d1dff9c6c0b5999c7a74c22c1c6eb
      size: 35769899
    - path: params.yaml
      hash: md5
      md5: 3246b86af8439b675f4dfb6f208794ac
      size: 3132
    - path: src/features/feature_engineering.py
      hash: md5
      md5: f03b1982f5d60fe48fde6022ee2a66a2
      size: 6679
    outs:
    - path: data/processed/train_data_processed.csv
      hash: md5
      md5: 29e1574d33b69ee50bf77ca817e739f6
      size: 15579467
    - path: data/processed/validation_data_processed.csv
      hash: md5
      md5: 7c7709f106f6bdd58b0fd5ef0079064c
      size: 7984472
  model_training:
    cmd: python src/models/train_model.py
    deps:
    - path: data/processed/train_data_processed.csv
      hash: md5
      md5: 29e1574d33b69ee50bf77ca817e739f6
      size: 15579467
    - path: data/processed/validation_data_processed.csv
      hash: md5
      md5: 7c7709f106f6bdd58b0fd5ef0079064c
      size: 7984472
    - path: params.yaml
      hash: md5
      md5: 3246b86af8439b675f4dfb6f208794ac
      size: 3132
    - path: src/models/train_model.py
      hash: md5
      md5: 99819db331fac5531624c1dd4d3a382d
      size: 9361
    outs:
    - path: models/model.pkl
      hash: md5
      md5: ad79a9ff21ee8fdea240ab5c9312e573
      size: 598876
